
Microsoft Visual Studio Solution File, Format Version 12.00
# Visual Studio 2013
VisualStudioVersion = 12.0.40629.0
MinimumVisualStudioVersion = 10.0.40219.1
Project("{FAE04EC0-301F-11D3-BF4B-00C04F79EFBC}") = "ascConsole", "ascConsole.csproj", "{C6ABDE74-2A38-46B4-B9AF-DDD711913039}"
EndProject
Project("{FAE04EC0-301F-11D3-BF4B-00C04F79EFBC}") = "ascLibrary", "..\ascLibrary\ascLibrary.csproj", "{3E09B52A-1AC5-4F89-B931-37413620E220}"
EndProject
Project("{FAE04EC0-301F-11D3-BF4B-00C04F79EFBC}") = "ascImageService", "..\ascImageService\ascImageService.csproj", "{F4374D79-3502-4205-83D6-AB4B9C6F5F9B}"
EndProject
Project("{FAE04EC0-301F-11D3-BF4B-00C04F79EFBC}") = "tgCommonLibrary", "..\..\..\..\TreeGecko\Libraries\src\tgCommonLibrary\tgCommonLibrary.csproj", "{64FE4175-4C97-4835-AD97-3C4F19E7B4DA}"
EndProject
Project("{FAE04EC0-301F-11D3-BF4B-00C04F79EFBC}") = "tgAWS", "..\..\..\..\TreeGecko\Libraries\src\tgAWS\tgAWS.csproj", "{02F95722-ADB3-4DE3-8FBA-DF62D39F836B}"
EndProject
Project("{2150E333-8FDC-42A3-9474-1A3956D46DE8}") = ".nuget", ".nuget", "{F4900116-4301-40E4-9461-FC00682A2D1A}"
	ProjectSection(SolutionItems) = preProject
		.nuget\NuGet.Config = .nuget\NuGet.Config
		.nuget\NuGet.exe = .nuget\NuGet.exe
		.nuget\NuGet.targets = .nuget\NuGet.targets
	EndProjectSection
EndProject
Global
	GlobalSection(SolutionConfigurationPlatforms) = preSolution
		Debug|x64 = Debug|x64
		Debug|x86 = Debug|x86
		Release|x64 = Release|x64
		Release|x86 = Release|x86
	EndGlobalSection
	GlobalSection(ProjectConfigurationPlatforms) = postSolution
		{C6ABDE74-2A38-46B4-B9AF-DDD711913039}.Debug|x64.ActiveCfg = Debug|x64
		{C6ABDE74-2A38-46B4-B9AF-DDD711913039}.Debug|x64.Build.0 = Debug|x64
		{C6ABDE74-2A38-46B4-B9AF-DDD711913039}.Debug|x86.ActiveCfg = Debug|x86
		{C6ABDE74-2A38-46B4-B9AF-DDD711913039}.Debug|x86.Build.0 = Debug|x86
		{C6ABDE74-2A38-46B4-B9AF-DDD711913039}.Release|x64.ActiveCfg = Release|x64
		{C6ABDE74-2A38-46B4-B9AF-DDD711913039}.Release|x64.Build.0 = Release|x64
		{C6ABDE74-2A38-46B4-B9AF-DDD711913039}.Release|x86.ActiveCfg = Release|x86
		{C6ABDE74-2A38-46B4-B9AF-DDD711913039}.Release|x86.Build.0 = Release|x86
		{3E09B52A-1AC5-4F89-B931-37413620E220}.Debug|x64.ActiveCfg = Debug|x64
		{3E09B52A-1AC5-4F89-B931-37413620E220}.Debug|x64.Build.0 = Debug|x64
		{3E09B52A-1AC5-4F89-B931-37413620E220}.Debug|x86.ActiveCfg = Debug|x86
		{3E09B52A-1AC5-4F89-B931-37413620E220}.Debug|x86.Build.0 = Debug|x86
		{3E09B52A-1AC5-4F89-B931-37413620E220}.Release|x64.ActiveCfg = Release|x64
		{3E09B52A-1AC5-4F89-B931-37413620E220}.Release|x64.Build.0 = Release|x64
		{3E09B52A-1AC5-4F89-B931-37413620E220}.Release|x86.ActiveCfg = Release|x86
		{3E09B52A-1AC5-4F89-B931-37413620E220}.Release|x86.Build.0 = Release|x86
		{F4374D79-3502-4205-83D6-AB4B9C6F5F9B}.Debug|x64.ActiveCfg = Debug|x64
		{F4374D79-3502-4205-83D6-AB4B9C6F5F9B}.Debug|x64.Build.0 = Debug|x64
		{F4374D79-3502-4205-83D6-AB4B9C6F5F9B}.Debug|x86.ActiveCfg = Debug|x86
		{F4374D79-3502-4205-83D6-AB4B9C6F5F9B}.Debug|x86.Build.0 = Debug|x86
		{F4374D79-3502-4205-83D6-AB4B9C6F5F9B}.Release|x64.ActiveCfg = Release|x64
		{F4374D79-3502-4205-83D6-AB4B9C6F5F9B}.Release|x64.Build.0 = Release|x64
		{F4374D79-3502-4205-83D6-AB4B9C6F5F9B}.Release|x86.ActiveCfg = Release|x86
		{F4374D79-3502-4205-83D6-AB4B9C6F5F9B}.Release|x86.Build.0 = Release|x86
		{64FE4175-4C97-4835-AD97-3C4F19E7B4DA}.Debug|x64.ActiveCfg = Debug|x64
		{64FE4175-4C97-4835-AD97-3C4F19E7B4DA}.Debug|x64.Build.0 = Debug|x64
		{64FE4175-4C97-4835-AD97-3C4F19E7B4DA}.Debug|x86.ActiveCfg = Debug|x86
		{64FE4175-4C97-4835-AD97-3C4F19E7B4DA}.Debug|x86.Build.0 = Debug|x86
		{64FE4175-4C97-4835-AD97-3C4F19E7B4DA}.Release|x64.ActiveCfg = Release|x64
		{64FE4175-4C97-4835-AD97-3C4F19E7B4DA}.Release|x64.Build.0 = Release|x64
		{64FE4175-4C97-4835-AD97-3C4F19E7B4DA}.Release|x86.ActiveCfg = Release|x86
		{64FE4175-4C97-4835-AD97-3C4F19E7B4DA}.Release|x86.Build.0 = Release|x86
		{02F95722-ADB3-4DE3-8FBA-DF62D39F836B}.Debug|x64.ActiveCfg = Debug|x64
		{02F95722-ADB3-4DE3-8FBA-DF62D39F836B}.Debug|x64.Build.0 = Debug|x64
		{02F95722-ADB3-4DE3-8FBA-DF62D39F836B}.Debug|x86.ActiveCfg = Debug|x86
		{02F95722-ADB3-4DE3-8FBA-DF62D39F836B}.Debug|x86.Build.0 = Debug|x86
		{02F95722-ADB3-4DE3-8FBA-DF62D39F836B}.Release|x64.ActiveCfg = Release|x64
		{02F95722-ADB3-4DE3-8FBA-DF62D39F836B}.Release|x64.Build.0 = Release|x64
		{02F95722-ADB3-4DE3-8FBA-DF62D39F836B}.Release|x86.ActiveCfg = Release|x86
		{02F95722-ADB3-4DE3-8FBA-DF62D39F836B}.Release|x86.Build.0 = Release|x86
	EndGlobalSection
	GlobalSection(SolutionProperties) = preSolution
		HideSolutionNode = FALSE
	EndGlobalSection
EndGlobal
